
Microsoft Visual Studio Solution File, Format Version 12.00
# Visual Studio Version 16
VisualStudioVersion = 16.0.29728.190
MinimumVisualStudioVersion = 10.0.40219.1
Project("{FAE04EC0-301F-11D3-BF4B-00C04F79EFBC}") = "Sistema.Entidades", "Sistema.Entidades\Sistema.Entidades.csproj", "{88492665-BCC8-49A5-985D-F19B1DDCEDAB}"
EndProject
Project("{FAE04EC0-301F-11D3-BF4B-00C04F79EFBC}") = "Sistema.Datos", "Sistema.Datos\Sistema.Datos.csproj", "{7507EC5B-3A67-4D4F-A7AD-ED7C585157F0}"
EndProject
Project("{FAE04EC0-301F-11D3-BF4B-00C04F79EFBC}") = "Sistema.web", "Sistema.web\Sistema.web.csproj", "{FE47DA86-2C63-49FE-ABE1-91350A00A3A8}"
EndProject
Global
	GlobalSection(SolutionConfigurationPlatforms) = preSolution
		Debug|Any CPU = Debug|Any CPU
		Release|Any CPU = Release|Any CPU
	EndGlobalSection
	GlobalSection(ProjectConfigurationPlatforms) = postSolution
		{88492665-BCC8-49A5-985D-F19B1DDCEDAB}.Debug|Any CPU.ActiveCfg = Debug|Any CPU
		{88492665-BCC8-49A5-985D-F19B1DDCEDAB}.Debug|Any CPU.Build.0 = Debug|Any CPU
		{88492665-BCC8-49A5-985D-F19B1DDCEDAB}.Release|Any CPU.ActiveCfg = Release|Any CPU
		{88492665-BCC8-49A5-985D-F19B1DDCEDAB}.Release|Any CPU.Build.0 = Release|Any CPU
		{7507EC5B-3A67-4D4F-A7AD-ED7C585157F0}.Debug|Any CPU.ActiveCfg = Debug|Any CPU
		{7507EC5B-3A67-4D4F-A7AD-ED7C585157F0}.Debug|Any CPU.Build.0 = Debug|Any CPU
		{7507EC5B-3A67-4D4F-A7AD-ED7C585157F0}.Release|Any CPU.ActiveCfg = Release|Any CPU
		{7507EC5B-3A67-4D4F-A7AD-ED7C585157F0}.Release|Any CPU.Build.0 = Release|Any CPU
		{FE47DA86-2C63-49FE-ABE1-91350A00A3A8}.Debug|Any CPU.ActiveCfg = Debug|Any CPU
		{FE47DA86-2C63-49FE-ABE1-91350A00A3A8}.Debug|Any CPU.Build.0 = Debug|Any CPU
		{FE47DA86-2C63-49FE-ABE1-91350A00A3A8}.Release|Any CPU.ActiveCfg = Release|Any CPU
		{FE47DA86-2C63-49FE-ABE1-91350A00A3A8}.Release|Any CPU.Build.0 = Release|Any CPU
	EndGlobalSection
	GlobalSection(SolutionProperties) = preSolution
		HideSolutionNode = FALSE
	EndGlobalSection
	GlobalSection(ExtensibilityGlobals) = postSolution
		SolutionGuid = {6C5FBB2E-4840-4CD1-96FC-75AE136C902C}
	EndGlobalSection
EndGlobal
