
Microsoft Visual Studio Solution File, Format Version 12.00
# Visual Studio Version 16
VisualStudioVersion = 16.0.29728.190
MinimumVisualStudioVersion = 10.0.40219.1
Project("{9A19103F-16F7-4668-BE54-9A1E7A4F7556}") = "Sistema.Entidades", "Sistema.Entidades\Sistema.Entidades.csproj", "{88492665-BCC8-49A5-985D-F19B1DDCEDAB}"
EndProject
Project("{FAE04EC0-301F-11D3-BF4B-00C04F79EFBC}") = "Sistema.Datos", "Sistema.Datos\Sistema.Datos.csproj", "{17A3C5B4-5CF8-4C3F-AE97-77FC645CA889}"
EndProject
Project("{FAE04EC0-301F-11D3-BF4B-00C04F79EFBC}") = "Sistema.web", "Sistema.web\Sistema.web.csproj", "{1F79D63F-8383-472A-ABE9-DD89495D15F4}"
EndProject
Global
	GlobalSection(SolutionConfigurationPlatforms) = preSolution
		Debug|Any CPU = Debug|Any CPU
		Release|Any CPU = Release|Any CPU
	EndGlobalSection
	GlobalSection(ProjectConfigurationPlatforms) = postSolution
		{88492665-BCC8-49A5-985D-F19B1DDCEDAB}.Debug|Any CPU.ActiveCfg = Debug|Any CPU
		{88492665-BCC8-49A5-985D-F19B1DDCEDAB}.Debug|Any CPU.Build.0 = Debug|Any CPU
		{88492665-BCC8-49A5-985D-F19B1DDCEDAB}.Release|Any CPU.ActiveCfg = Release|Any CPU
		{88492665-BCC8-49A5-985D-F19B1DDCEDAB}.Release|Any CPU.Build.0 = Release|Any CPU
		{17A3C5B4-5CF8-4C3F-AE97-77FC645CA889}.Debug|Any CPU.ActiveCfg = Debug|Any CPU
		{17A3C5B4-5CF8-4C3F-AE97-77FC645CA889}.Debug|Any CPU.Build.0 = Debug|Any CPU
		{17A3C5B4-5CF8-4C3F-AE97-77FC645CA889}.Release|Any CPU.ActiveCfg = Release|Any CPU
		{17A3C5B4-5CF8-4C3F-AE97-77FC645CA889}.Release|Any CPU.Build.0 = Release|Any CPU
		{1F79D63F-8383-472A-ABE9-DD89495D15F4}.Debug|Any CPU.ActiveCfg = Debug|Any CPU
		{1F79D63F-8383-472A-ABE9-DD89495D15F4}.Debug|Any CPU.Build.0 = Debug|Any CPU
		{1F79D63F-8383-472A-ABE9-DD89495D15F4}.Release|Any CPU.ActiveCfg = Release|Any CPU
		{1F79D63F-8383-472A-ABE9-DD89495D15F4}.Release|Any CPU.Build.0 = Release|Any CPU
	EndGlobalSection
	GlobalSection(SolutionProperties) = preSolution
		HideSolutionNode = FALSE
	EndGlobalSection
	GlobalSection(ExtensibilityGlobals) = postSolution
		SolutionGuid = {6C5FBB2E-4840-4CD1-96FC-75AE136C902C}
	EndGlobalSection
EndGlobal
